{
  "name": "token-splitter",
  "version": "0.1.0",
  "lockfileVersion": 1,
  "requires": true,
  "dependencies": {
    "@gnosis.pm/util-contracts": {
      "version": "1.0.1",
      "resolved": "https://registry.npmjs.org/@gnosis.pm/util-contracts/-/util-contracts-1.0.1.tgz",
      "integrity": "sha1-aaVmHrSbNa/50WbqgInMdJXi2rY="
    }
  }
}
